Microsoft Visual Studio Solution File, Format Version 12.00
# Visual Studio 2012
Project("{FAE04EC0-301F-11D3-BF4B-00C04F79EFBC}") = "TetrisDesktop", "TetrisDesktop.csproj", "{EE0503EB-06B4-45EC-886A-930F39587BE6}"
EndProject
Global
	GlobalSection(SolutionConfigurationPlatforms) = preSolution
	Debug|Any CPU = Debug|Any CPU
	ExportDebug|Any CPU = ExportDebug|Any CPU
	ExportRelease|Any CPU = ExportRelease|Any CPU
	EndGlobalSection
	GlobalSection(ProjectConfigurationPlatforms) = postSolution
		{EE0503EB-06B4-45EC-886A-930F39587BE6}.Debug|Any CPU.ActiveCfg = Debug|Any CPU
		{EE0503EB-06B4-45EC-886A-930F39587BE6}.Debug|Any CPU.Build.0 = Debug|Any CPU
		{EE0503EB-06B4-45EC-886A-930F39587BE6}.ExportDebug|Any CPU.ActiveCfg = ExportDebug|Any CPU
		{EE0503EB-06B4-45EC-886A-930F39587BE6}.ExportDebug|Any CPU.Build.0 = ExportDebug|Any CPU
		{EE0503EB-06B4-45EC-886A-930F39587BE6}.ExportRelease|Any CPU.ActiveCfg = ExportRelease|Any CPU
		{EE0503EB-06B4-45EC-886A-930F39587BE6}.ExportRelease|Any CPU.Build.0 = ExportRelease|Any CPU
	EndGlobalSection
EndGlobal
